
Microsoft Visual Studio Solution File, Format Version 12.00
# Visual Studio Version 17
VisualStudioVersion = 17.14.36202.13 d17.14
MinimumVisualStudioVersion = 10.0.40219.1
Project("{FAE04EC0-301F-11D3-BF4B-00C04F79EFBC}") = "NpsApi", "NpsApi.csproj", "{AD032121-951F-4CB8-9E27-6D0A9B6D441D}"
EndProject
Global
	GlobalSection(SolutionConfigurationPlatforms) = preSolution
		Debug|Any CPU = Debug|Any CPU
		Release|Any CPU = Release|Any CPU
	EndGlobalSection
	GlobalSection(ProjectConfigurationPlatforms) = postSolution
		{AD032121-951F-4CB8-9E27-6D0A9B6D441D}.Debug|Any CPU.ActiveCfg = Debug|Any CPU
		{AD032121-951F-4CB8-9E27-6D0A9B6D441D}.Debug|Any CPU.Build.0 = Debug|Any CPU
		{AD032121-951F-4CB8-9E27-6D0A9B6D441D}.Release|Any CPU.ActiveCfg = Release|Any CPU
		{AD032121-951F-4CB8-9E27-6D0A9B6D441D}.Release|Any CPU.Build.0 = Release|Any CPU
	EndGlobalSection
	GlobalSection(SolutionProperties) = preSolution
		HideSolutionNode = FALSE
	EndGlobalSection
	GlobalSection(ExtensibilityGlobals) = postSolution
		SolutionGuid = {4DF26F66-C1B4-49CE-8733-49E30343E3A8}
	EndGlobalSection
EndGlobal
